{
    "_meta": {
        "hash": {
            "sha256": "34ae8a2970fd876902f57140854bbc5e81fae5161b708af2e5f57c009bed1944"
        },
        "pipfile-spec": 6,
        "requires": {
            "python_version": "3.13"
        },
        "sources": [
            {
                "name": "pypi",
                "url": "https://pypi.org/simple",
                "verify_ssl": true
            }
        ]
    },
    "default": {
        "grpcio": {
            "hashes": [
                "sha256:0daaba8884d4fe833e26b10490f793405165e81ae933f5e47091469bc91d94a8",
                "sha256:0ffb8a4fa9e7d2cdec65be78409de919fbb6ac01d6ade26b8b9b013ee67ec04c",
                "sha256:160245acf4e360e40618989abc8e4beef976286af287fff9fb4c3a5be6dbcb4a",
                "sha256:18882622160344e8943e31f8db69d047bd4d8e61ed4359b83b59d27dccb0580d",
                "sha256:238f00823db78c20888e3510eb5872258b2c450b550b7bc51d1a2c25026a3964",
                "sha256:2965c0cc6f21ec26f2ccfacfc89af25338d5cc4b838ca60baa27f7330a074dbd",
                "sha256:2abe769d62d76d2ca4c7114dfb16e5dc608325bc97a60ce33e6fb97add670d42",
                "sha256:2eded368fbb4d31356d4082ad9b70e617fe2a5b39c4b2817dd9f2478084443fa",
                "sha256:37c7fd664d336ae7c1dd0a9d23b8f31b6efc38dcbe6ce357079ec585bb171ae7",
                "sha256:38f53edf277df89175176b26d069c06b8b88ce711aeb6521966a2bdd20eacf2b",
                "sha256:4410f179181961c043c58454ee9cb28474ab38080a1f12e56bac45dc1cf21491",
                "sha256:496efbed750f769206396a45e767eb351e7e99b02d6a8ff40989308bbc878820",
                "sha256:4a98a7df27aabb7fb1a5e3d7156ce5a2b52bb1881d66b838b53b02b122599901",
                "sha256:4de14801be123c7e6680f63aa33422b0d1bacff9559fc75cf5e9e78ee21ee235",
                "sha256:57fdcd69ab28e22c33baac2631fb99ecff02c1ce7e4e83dc473b50cb14997725",
                "sha256:5c875f00f963e53339f89e0ed73c5e16f16a8d80ac7634959b8e8ab8f5e58e19",
                "sha256:64f76e867a9b4a6bfa1fc4ab5200b0abffffdaf49eab25c48aef9a06e91de8b4",
                "sha256:6d0c8805291395be646e732b5d01a64cf9f1961aa45cb088257b0ed599b3d873",
                "sha256:72f86cdd5643732d394f15a79196fee406030dbf8545161e6a6b5e1ce60376bb",
                "sha256:79cb9c53bb935983905672b56fa63e7ef61bf41e54c4b65b021fc6502eb361f5",
                "sha256:7fbe809d69695e4776a0800625eccdf2e9c770c454a51a17ee7b9a583725ce42",
                "sha256:80233c2370eb8fe5601cf307eacc8762d29548f216d3de6376f2b388d5c75c71",
                "sha256:80ea604527c7f565b4ab8af8cbea163395842eb6a6d63fc202285d351fad264b",
                "sha256:87303d538ac51ef49cd0ad70f1b8aac852797a1ca7fcfc07920d6f9c9df58c57",
                "sha256:8bb39a0ebaca1b9caa0d7c766a3b7875d619baa8df9899b025cd067dc7ab90d2",
                "sha256:8dccf9777b4f21cad0a8c84916ae9bbdde7ccd10efdec7d95f31805a41801064",
                "sha256:96a36eb55619ea4c98d8801d069598fb84b4669e647e82c1db0b3e8c46be0154",
                "sha256:973d0c97ccdedd7f58df59288ac41abc9ae373e25abe6ef1c1c4265f2518a71d",
                "sha256:996069d2b37d13e0f96d282abb41e8fabbe8f46971d38d71f318ca8316aca189",
                "sha256:9a9cb1d4436f9e72c73b3d2b9c0ca97629e2e35653f34fd70f8e39aa44e20dbb",
                "sha256:a30916b3fd2e851a481fe4a9a7ef4a957c548440bf5020363115712a4ae94ed3",
                "sha256:ab99b190cb8e4a7692cc1edf76fd9059b216e7aacc6aeb40084c2fed44d323f9",
                "sha256:b01260e2f07ccd39e2a683b99001c124a614b3d081669c1bac5a810d9a0e36dd",
                "sha256:b71784130b8af4265566333c3e42c00f4ac13471eb3f4054a85a9df326fa0b50",
                "sha256:b7eed646f7733cb5171d6866b8948c21ab3c4a77e128e27b2fd5608d30a18120",
                "sha256:bfb7443a525a0ccc8ae89d29d5257a895fe33af23ba8be21609138cef42deb79",
                "sha256:c7df59e2c9ff308995e30c8c6844f101b7e3399420f7a34728a12fa909050033",
                "sha256:c97067b7b88dab5b546bc5c29fed202a7f4c7df0f4303518c16b85942cd3db80",
                "sha256:d02dc76d3bcc61ffb6629ecbb26f8a9a3171e4446ad5ee8a0298b173cc7eaab6",
                "sha256:d32061a7b1fe28658add39276425795131d0a50f5eaf4beaf6beb8151d06072c",
                "sha256:d4390eb43e9570183be2570a98dbcdd01a322d78e6c519875eec31e03d7dd209",
                "sha256:db66c5cc44729ef61bf680759d9984b47bbdc700f817801d3d2cd3ec7022bb06",
                "sha256:ee2d4cf1672a6711a7cb19b937baa7865cc523ec5a8133a0b1e95fe02d32adff",
                "sha256:f071ae332df667737a2f43a8f66100971ac5b0ab277741f29237764239aa10bb",
                "sha256:f0817d25213c5f1528a77c4be97ca9fa690813396fe7cb0bf06391ec12e4928e",
                "sha256:fa9e3c0ebd8d3788d4157041112bbc6f455717d485c0f756d5aaefe5d032ae85"
            ],
            "markers": "python_version >= '3.8'",
            "version": "==1.63.2"
        },
        "grpcio-tools": {
            "hashes": [
                "sha256:20aa57b26ab9c05169ea6dd50b8f90a112a6c1bea44a862156149c230c3fd6dd",
                "sha256:21f46ba172654f964c7c730ef7b2d2b304a4437ff71d1734fedc47c69c97da4a",
                "sha256:27a2454a8ce3e3758f9b3b7759efc0c77d8d608acf3ae9892211e2f9e922077b",
                "sha256:2a0d1df70b03b5425a7c4386109fb215b5bef82e64bd2a282eb05e2e138bac69",
                "sha256:2e18b68665e41b65f03bc35a0da9e18ba35d9baea1876a205fffd964b40c18b4",
                "sha256:2ea8cf90fcee1d6aeb4f3c972cc994757ecde32f189ccba02ed2bb9cd7963f75",
                "sha256:4037557da26904d4e9d2b9544718efdaefc0a83b381a52a1cafe2fc9bb8952cf",
                "sha256:44074360351b48567d991ecd249f0c22cb7cf0b77eddcfce503d146b73365a6b",
                "sha256:4485549131c18cadd257a453bd87934226560dedc2098b403dc7ae3e412a9e21",
                "sha256:44aaa75aa770d487065ff539384b0ef7afcc26e8e2e13dc6a27374823ae76ee8",
                "sha256:5696186a5be375bda825d12e0bcee0bfcae0dcfb44d8c4f06ec4c3f057e876fc",
                "sha256:56f99753ed4136e60f22ce536264262a7f23c5027e6d0aef7f85e5e8f09fdccd",
                "sha256:5aab40cc74f4418809e8a48063e3680963986a662ebd78baf5a2ec1ce5ca1659",
                "sha256:71d1a1e2609f044c396e4ac650f03cd9718bc5133200a5d7a54c12432dd6a7e6",
                "sha256:78b153884d0391cd1fa845939518b032c47ca039042f154e655b93febee7686d",
                "sha256:7a7a7ec8078a6560810c890099a81e40f4beb07b366ac4fb8392b1f081fae415",
                "sha256:8076eaebca2725e501ecc1fa5d92afad48b65b19a33b450f50c00aeae2988c12",
                "sha256:84d02e786287dc9c708eb502076ffde3dd6e2eb0a7ce4f36c8240d866ac38d5e",
                "sha256:873244352d04e0b78a262a1c933794cdad56fcbd3f9c318a6fa171859c104221",
                "sha256:8de97a19ed44e1ea9438bb13dd3d8746a4e89b0ff31e9e3a01b429f41a3c5e93",
                "sha256:92c5e635a541aeb85d34d106990ecd47089c953ab0bcd12e01cdd458a9e3fdb6",
                "sha256:96acada44d205e572b4d3241593f2da799dac4377295acecb2274871e95ceb04",
                "sha256:9f75787ac78e80881b3f6bdd06819145598dd8ba1995949e2373173fb8f6b3c3",
                "sha256:a09d7e6424285f3a314be8c6c57b6249742c6db138505aeb5af292443e2b72fc",
                "sha256:a70d9ef4b70eb07a8d158d2d6e8e548977575021e30cd8e52d316f374c582083",
                "sha256:b081ec5b37038fb717a8cf48a1aa77074801b35f7e1cdf7aa3e74cfe3f463752",
                "sha256:b09ba8ddc02526bf2c77e3982ad456718a711390c99f0d4707cee79f0429c7b9",
                "sha256:b10de9365475c32d1d6e10a4b340bf38c45adaf4cc0f6adaeb76cf5669b9e1b8",
                "sha256:bb34e12766f575dafdea0fd0cca3d33ec2fad201afeeb10a4d9caf5bc759682b",
                "sha256:c29dd71f334abf9191225579d7f4a464d7a07543ee871d5d50bd35db613c9763",
                "sha256:c2ebc08d78ab1c18aea57c7dc2a0653eb47e876f3c7613572454f4c46272ffa9",
                "sha256:c62a1e6bca9b2a225bccafd89200681da0ad2302cfa0a519707429b3d2a88f18",
                "sha256:cda55608731c2693e66d0b1dda88c5060b6027af6a6f3de6d80e8bdaf3bf5f29",
                "sha256:cef4c00e03a036da5da43ea527a8de3f135a82b76b0679ea074847908d8b7d4d",
                "sha256:d27d69317b70dd0d592294e61b181d601926f4927b4b447ab96487d1cebf5389",
                "sha256:dbca2f89d5a6833f15ef994632aab5985db1f8f1ec50c6339a573fdb438deca7",
                "sha256:e83f98b720ee1a1d714fc35d880085e7fc553f1b9d22e0c88bb7b434a1f47c40",
                "sha256:ea5c45b25139c75d950f625ba1c5804842cfb8d4ebe3f44d2710bddaea8ef4f5",
                "sha256:eec948544b51a0046bc74be81c91951714fdf6788c3f275a2a3271715d29c9f6",
                "sha256:f73e6a7787d308fa03614a2449925df2c7cbbffe71ed226498a969dfd85e89bd",
                "sha256:f74f463c974200d3a349cbead8ef9cc0c52fedbc48ce305d4c82e48ce4070002",
                "sha256:f81c3f3c5e3def598076870dc2360a81777e67af6c6d77c4db9258d52e8f6b38",
                "sha256:fbe764ef328839acbea291097dddf8f1f2164e60e0f023d28bdd67794410e99a",
                "sha256:fc75161273879dd54181522647f1ea8f39364e765ee69c3e3630a3c3202f76c3",
                "sha256:fc96604413884ca6fbbaef56fb03929603f6d4591f9962a276027018179da9af",
                "sha256:fd0f31d3522a792fab375040c6d6c32921a3358ca65f14bb8e274545b1c3c261"
            ],
            "markers": "python_version >= '3.8'",
            "version": "==1.63.2"
        },
        "param": {
            "hashes": [
                "sha256:2ef63ef7aef37412eeb8ee3a06189a51f69c58c068824ae070baecb5b2abd0b8",
                "sha256:777f8c7b66ab820b70ea5ad09faaa6818308220caae89da3b5c5f359faa72a5e"
            ],
            "markers": "python_version >= '3.9'",
            "version": "==2.2.0"
        },
        "pillow": {
            "hashes": [
                "sha256:014ca0050c85003620526b0ac1ac53f56fc93af128f7546623cc8e31875ab928",
                "sha256:036e53f4170e270ddb8797d4c590e6dd14d28e15c7da375c18978045f7e6c37b",
                "sha256:062b7a42d672c45a70fa1f8b43d1d38ff76b63421cbbe7f88146b39e8a558d91",
                "sha256:0c3e6d0f59171dfa2e25d7116217543310908dfa2770aa64b8f87605f8cacc97",
                "sha256:0c7b29dbd4281923a2bfe562acb734cee96bbb129e96e6972d315ed9f232bef4",
                "sha256:0f5c7eda47bf8e3c8a283762cab94e496ba977a420868cb819159980b6709193",
                "sha256:127bf6ac4a5b58b3d32fc8289656f77f80567d65660bc46f72c0d77e6600cc95",
                "sha256:14e33b28bf17c7a38eede290f77db7c664e4eb01f7869e37fa98a5aa95978941",
                "sha256:14f73f7c291279bd65fda51ee87affd7c1e097709f7fdd0188957a16c264601f",
                "sha256:191955c55d8a712fab8934a42bfefbf99dd0b5875078240943f913bb66d46d9f",
                "sha256:1d535df14716e7f8776b9e7fee118576d65572b4aad3ed639be9e4fa88a1cad3",
                "sha256:208653868d5c9ecc2b327f9b9ef34e0e42a4cdd172c2988fd81d62d2bc9bc044",
                "sha256:21e1470ac9e5739ff880c211fc3af01e3ae505859392bf65458c224d0bf283eb",
                "sha256:225c832a13326e34f212d2072982bb1adb210e0cc0b153e688743018c94a2681",
                "sha256:25a5f306095c6780c52e6bbb6109624b95c5b18e40aab1c3041da3e9e0cd3e2d",
                "sha256:2728567e249cdd939f6cc3d1f049595c66e4187f3c34078cbc0a7d21c47482d2",
                "sha256:2b490402c96f907a166615e9a5afacf2519e28295f157ec3a2bb9bd57de638cb",
                "sha256:312c77b7f07ab2139924d2639860e084ec2a13e72af54d4f08ac843a5fc9c79d",
                "sha256:31df6e2d3d8fc99f993fd253e97fae451a8db2e7207acf97859732273e108406",
                "sha256:35ca289f712ccfc699508c4658a1d14652e8033e9b69839edf83cbdd0ba39e70",
                "sha256:3692b68c87096ac6308296d96354eddd25f98740c9d2ab54e1549d6c8aea9d79",
                "sha256:36d6b82164c39ce5482f649b437382c0fb2395eabc1e2b1702a6deb8ad647d6e",
                "sha256:39ad2e0f424394e3aebc40168845fee52df1394a4673a6ee512d840d14ab3013",
                "sha256:3e645b020f3209a0181a418bffe7b4a93171eef6c4ef6cc20980b30bebf17b7d",
                "sha256:3fe735ced9a607fee4f481423a9c36701a39719252a9bb251679635f99d0f7d2",
                "sha256:4b835d89c08a6c2ee7781b8dd0a30209a8012b5f09c0a665b65b0eb3560b6f36",
                "sha256:4d375eb838755f2528ac8cbc926c3e31cc49ca4ad0cf79cff48b20e30634a4a7",
                "sha256:4eb92eca2711ef8be42fd3f67533765d9fd043b8c80db204f16c8ea62ee1a751",
                "sha256:5119225c622403afb4b44bad4c1ca6c1f98eed79db8d3bc6e4e160fc6339d66c",
                "sha256:562d11134c97a62fe3af29581f083033179f7ff435f78392565a1ad2d1c2c45c",
                "sha256:598174aef4589af795f66f9caab87ba4ff860ce08cd5bb447c6fc553ffee603c",
                "sha256:63b5dff3a68f371ea06025a1a6966c9a1e1ee452fc8020c2cd0ea41b83e9037b",
                "sha256:6ebce70c3f486acf7591a3d73431fa504a4e18a9b97ff27f5f47b7368e4b9dd1",
                "sha256:738db0e0941ca0376804d4de6a782c005245264edaa253ffce24e5a15cbdc7bd",
                "sha256:7491cf8a79b8eb867d419648fff2f83cb0b3891c8b36da92cc7f1931d46108c8",
                "sha256:74ee3d7ecb3f3c05459ba95eed5efa28d6092d751ce9bf20e3e253a4e497e691",
                "sha256:750f96efe0597382660d8b53e90dd1dd44568a8edb51cb7f9d5d918b80d4de14",
                "sha256:78092232a4ab376a35d68c4e6d5e00dfd73454bd12b230420025fbe178ee3b0b",
                "sha256:78afba22027b4accef10dbd5eed84425930ba41b3ea0a86fa8d20baaf19d807f",
                "sha256:7bdb5e09068332578214cadd9c05e3d64d99e0e87591be22a324bdbc18925be0",
                "sha256:80f1df8dbe9572b4b7abdfa17eb5d78dd620b1d55d9e25f834efdbee872d3aed",
                "sha256:85d27ea4c889342f7e35f6d56e7e1cb345632ad592e8c51b693d7b7556043ce0",
                "sha256:8b02d8f9cb83c52578a0b4beadba92e37d83a4ef11570a8688bbf43f4ca50909",
                "sha256:8ce2e8411c7aaef53e6bb29fe98f28cd4fbd9a1d9be2eeea434331aac0536b22",
                "sha256:8f4f3724c068be008c08257207210c138d5f3731af6c155a81c2b09a9eb3a788",
                "sha256:9622e3b6c1d8b551b6e6f21873bdcc55762b4b2126633014cea1803368a9aa16",
                "sha256:9b7b0d4fd2635f54ad82785d56bc0d94f147096493a79985d0ab57aedd563156",
                "sha256:9bc7ae48b8057a611e5fe9f853baa88093b9a76303937449397899385da06fad",
                "sha256:9db98ab6565c69082ec9b0d4e40dd9f6181dab0dd236d26f7a50b8b9bfbd5076",
                "sha256:9ee66787e095127116d91dea2143db65c7bb1e232f617aa5957c0d9d2a3f23a7",
                "sha256:a0a6709b47019dff32e678bc12c63008311b82b9327613f534e496dacaefb71e",
                "sha256:a64dd61998416367b7ef979b73d3a85853ba9bec4c2925f74e588879a58716b6",
                "sha256:aa442755e31c64037aa7c1cb186e0b369f8416c567381852c63444dd666fb772",
                "sha256:ad275964d52e2243430472fc5d2c2334b4fc3ff9c16cb0a19254e25efa03a155",
                "sha256:b0e130705d568e2f43a17bcbe74d90958e8a16263868a12c3e0d9c8162690830",
                "sha256:b10428b3416d4f9c61f94b494681280be7686bda15898a3a9e08eb66a6d92d67",
                "sha256:b2dbea1012ccb784a65349f57bbc93730b96e85b42e9bf7b01ef40443db720b4",
                "sha256:b4ba4be812c7a40280629e55ae0b14a0aafa150dd6451297562e1764808bbe61",
                "sha256:b93a07e76d13bff9444f1a029e0af2964e654bfc2e2c2d46bfd080df5ad5f3d8",
                "sha256:bf2c33d6791c598142f00c9c4c7d47f6476731c31081331664eb26d6ab583e01",
                "sha256:c27476257b2fdcd7872d54cfd119b3a9ce4610fb85c8e32b70b42e3680a29a1e",
                "sha256:c8bd62331e5032bc396a93609982a9ab6b411c05078a52f5fe3cc59234a3abd1",
                "sha256:c97209e85b5be259994eb5b69ff50c5d20cca0f458ef9abd835e262d9d88b39d",
                "sha256:cc1c3bc53befb6096b84165956e886b1729634a799e9d6329a0c512ab651e579",
                "sha256:cc5d875d56e49f112b6def6813c4e3d3036d269c008bf8aef72cd08d20ca6df6",
                "sha256:d189ba1bebfbc0c0e529159631ec72bb9e9bc041f01ec6d3233d6d82eb823bc1",
                "sha256:d4e5c5edee874dce4f653dbe59db7c73a600119fbea8d31f53423586ee2aafd7",
                "sha256:d57a75d53922fc20c165016a20d9c44f73305e67c351bbc60d1adaf662e74047",
                "sha256:da3104c57bbd72948d75f6a9389e6727d2ab6333c3617f0a89d72d4940aa0443",
                "sha256:dd6b20b93b3ccc9c1b597999209e4bc5cf2853f9ee66e3fc9a400a78733ffc9a",
                "sha256:e0409af9f829f87a2dfb7e259f78f317a5351f2045158be321fd135973fff7bf",
                "sha256:e0b55f27f584ed623221cfe995c912c61606be8513bfa0e07d2c674b4516d9dd",
                "sha256:e616e7154c37669fc1dfc14584f11e284e05d1c650e1c0f972f281c4ccc53193",
                "sha256:e6def7eed9e7fa90fde255afaf08060dc4b343bbe524a8f69bdd2a2f0018f600",
                "sha256:ea926cfbc3957090becbcbbb65ad177161a2ff2ad578b5a6ec9bb1e1cd78753c",
                "sha256:f0d3348c95b766f54b76116d53d4cb171b52992a1027e7ca50c81b43b9d9e363",
                "sha256:f6b0c664ccb879109ee3ca702a9272d877f4fcd21e5eb63c26422fd6e415365e",
                "sha256:f781dcb0bc9929adc77bad571b8621ecb1e4cdef86e940fe2e5b5ee24fd33b35",
                "sha256:f91ebf30830a48c825590aede79376cb40f110b387c17ee9bd59932c961044f9",
                "sha256:fdec757fea0b793056419bca3e9932eb2b0ceec90ef4813ea4c1e072c389eb28",
                "sha256:fe15238d3798788d00716637b3d4e7bb6bde18b26e5d08335a96e88564a36b6b"
            ],
            "markers": "python_version >= '3.9'",
            "version": "==11.2.1"
        },
        "protobuf": {
            "hashes": [
                "sha256:13eb236f8eb9ec34e63fc8b1d6efd2777d062fa6aaa68268fb67cf77f6839ad7",
                "sha256:1832f0515b62d12d8e6ffc078d7e9eb06969aa6dc13c13e1036e39d73bebc2de",
                "sha256:307ecba1d852ec237e9ba668e087326a67564ef83e45a0189a772ede9e854dd0",
                "sha256:3fde11b505e1597f71b875ef2fc52062b6a9740e5f7c8997ce878b6009145862",
                "sha256:476cb7b14914c780605a8cf62e38c2a85f8caff2e28a6a0bad827ec7d6c85d68",
                "sha256:4f1dfcd7997b31ef8f53ec82781ff434a28bf71d9102ddde14d076adcfc78c99",
                "sha256:678974e1e3a9b975b8bc2447fca458db5f93a2fb6b0c8db46b6675b5b5346812",
                "sha256:aec4962f9ea93c431d5714ed1be1c93f13e1a8618e70035ba2b0564d9e633f2e",
                "sha256:bcefcdf3976233f8a502d265eb65ea740c989bacc6c30a58290ed0e519eb4b8d",
                "sha256:d7d3f7d1d5a66ed4942d4fefb12ac4b14a29028b209d4bfb25c68ae172059922",
                "sha256:fd32223020cb25a2cc100366f1dedc904e2d71d9322403224cdde5fdced0dabe"
            ],
            "markers": "python_version >= '3.8'",
            "version": "==5.29.4"
        },
        "python-dotenv": {
            "hashes": [
                "sha256:41f90bc6f5f177fb41f53e87666db362025010eb28f60a01c9143bfa33a2b2d5",
                "sha256:d7c01d9e2293916c18baf562d95698754b0dbbb5e74d457c45d4f6561fb9d55d"
            ],
            "markers": "python_version >= '3.9'",
            "version": "==1.1.0"
        },
        "setuptools": {
            "hashes": [
                "sha256:2e308396e1d83de287ada2c2fd6e64286008fe6aca5008e0b6a8cb0e2c86eedd",
                "sha256:ea0e7655c05b74819f82e76e11a85b31779fee7c4969e82f72bab0664e8317e4"
            ],
            "markers": "python_version >= '3.9'",
            "version": "==80.1.0"
        },
        "stability-sdk": {
            "hashes": [
                "sha256:1b5e835c8e95a57fd0ecef09f24f150fbda6a3406d6c2ad2c0dd944e6c3fc560"
            ],
            "index": "pypi",
            "version": "==0.8.6"
        }
    },
    "develop": {}
}
